// !$*UTF8*$!
{
	archiveVersion = 1;
	classes = {
	};
	objectVersion = 51;
	objects = {

/* Begin PBXBuildFile section */
		05544E8722AD2C6B003179E5 /* DetailViewController.swift in Sources */ = {isa = PBXBuildFile; fileRef = 05544E8622AD2C6B003179E5 /* DetailViewController.swift */; };
		0583260C229FAB5400961038 /* AppDelegate.swift in Sources */ = {isa = PBXBuildFile; fileRef = 0583260B229FAB5400961038 /* AppDelegate.swift */; };
		0583260E229FAB5400961038 /* ViewController.swift in Sources */ = {isa = PBXBuildFile; fileRef = 0583260D229FAB5400961038 /* ViewController.swift */; };
		05832611229FAB5400961038 /* Main.storyboard in Resources */ = {isa = PBXBuildFile; fileRef = 0583260F229FAB5400961038 /* Main.storyboard */; };
		05832613229FAB5400961038 /* Assets.xcassets in Resources */ = {isa = PBXBuildFile; fileRef = 05832612229FAB5400961038 /* Assets.xcassets */; };
		05832616229FAB5400961038 /* LaunchScreen.storyboard in Resources */ = {isa = PBXBuildFile; fileRef = 05832614229FAB5400961038 /* LaunchScreen.storyboard */; };
		30F0B66D4940241C2998A81A /* Pods_RealmTest02.framework in Frameworks */ = {isa = PBXBuildFile; fileRef = 1664235D26CAE2FE8BD41D68 /* Pods_RealmTest02.framework */; };
/* End PBXBuildFile section */

/* Begin PBXFileReference section */
		014BAA575A72FAD726AA74CE /* Pods-RealmTest02.debug.xcconfig */ = {isa = PBXFileReference; includeInIndex = 1; lastKnownFileType = text.xcconfig; name = "Pods-RealmTest02.debug.xcconfig"; path = "Target Support Files/Pods-RealmTest02/Pods-RealmTest02.debug.xcconfig"; sourceTree = "<group>"; };
		05544E8622AD2C6B003179E5 /* DetailViewController.swift */ = {isa = PBXFileReference; lastKnownFileType = sourcecode.swift; path = DetailViewController.swift; sourceTree = "<group>"; };
		05832608229FAB5400961038 /* RealmTest02.app */ = {isa = PBXFileReference; explicitFileType = wrapper.application; includeInIndex = 0; path = RealmTest02.app; sourceTree = BUILT_PRODUCTS_DIR; };
		0583260B229FAB5400961038 /* AppDelegate.swift */ = {isa = PBXFileReference; lastKnownFileType = sourcecode.swift; path = AppDelegate.swift; sourceTree = "<group>"; };
		0583260D229FAB5400961038 /* ViewController.swift */ = {isa = PBXFileReference; lastKnownFileType = sourcecode.swift; path = ViewController.swift; sourceTree = "<group>"; };
		05832610229FAB5400961038 /* Base */ = {isa = PBXFileReference; lastKnownFileType = file.storyboard; name = Base; path = Base.lproj/Main.storyboard; sourceTree = "<group>"; };
		05832612229FAB5400961038 /* Assets.xcassets */ = {isa = PBXFileReference; lastKnownFileType = folder.assetcatalog; path = Assets.xcassets; sourceTree = "<group>"; };
		05832615229FAB5400961038 /* Base */ = {isa = PBXFileReference; lastKnownFileType = file.storyboard; name = Base; path = Base.lproj/LaunchScreen.storyboard; sourceTree = "<group>"; };
		05832617229FAB5400961038 /* Info.plist */ = {isa = PBXFileReference; lastKnownFileType = text.plist.xml; path = Info.plist; sourceTree = "<group>"; };
		1664235D26CAE2FE8BD41D68 /* Pods_RealmTest02.framework */ = {isa = PBXFileReference; explicitFileType = wrapper.framework; includeInIndex = 0; path = Pods_RealmTest02.framework; sourceTree = BUILT_PRODUCTS_DIR; };
		B01B5EE6851DE76509CD19BF /* Pods-RealmTest02.release.xcconfig */ = {isa = PBXFileReference; includeInIndex = 1; lastKnownFileType = text.xcconfig; name = "Pods-RealmTest02.release.xcconfig"; path = "Target Support Files/Pods-RealmTest02/Pods-RealmTest02.release.xcconfig"; sourceTree = "<group>"; };
/* End PBXFileReference section */

/* Begin PBXFrameworksBuildPhase section */
		05832605229FAB5400961038 /* Frameworks */ = {
			isa = PBXFrameworksBuildPhase;
			buildActionMask = 2147483647;
			files = (
				30F0B66D4940241C2998A81A /* Pods_RealmTest02.framework in Frameworks */,
			);
			runOnlyForDeploymentPostprocessing = 0;
		};
/* End PBXFrameworksBuildPhase section */

/* Begin PBXGroup section */
		058325FF229FAB5400961038 = {
			isa = PBXGroup;
			children = (
				0583260A229FAB5400961038 /* RealmTest02 */,
				05832609229FAB5400961038 /* Products */,
				545360653F00DE2CFE78A573 /* Pods */,
				4CB692C68432953F590793BA /* Frameworks */,
			);
			sourceTree = "<group>";
		};
		05832609229FAB5400961038 /* Products */ = {
			isa = PBXGroup;
			children = (
				05832608229FAB5400961038 /* RealmTest02.app */,
			);
			name = Products;
			sourceTree = "<group>";
		};
		0583260A229FAB5400961038 /* RealmTest02 */ = {
			isa = PBXGroup;
			children = (
				0583260B229FAB5400961038 /* AppDelegate.swift */,
				0583260D229FAB5400961038 /* ViewController.swift */,
				0583260F229FAB5400961038 /* Main.storyboard */,
				05544E8622AD2C6B003179E5 /* DetailViewController.swift */,
				05832612229FAB5400961038 /* Assets.xcassets */,
				05832614229FAB5400961038 /* LaunchScreen.storyboard */,
				05832617229FAB5400961038 /* Info.plist */,
			);
			path = RealmTest02;
			sourceTree = "<group>";
		};
		4CB692C68432953F590793BA /* Frameworks */ = {
			isa = PBXGroup;
			children = (
				1664235D26CAE2FE8BD41D68 /* Pods_RealmTest02.framework */,
			);
			name = Frameworks;
			sourceTree = "<group>";
		};
		545360653F00DE2CFE78A573 /* Pods */ = {
			isa = PBXGroup;
			children = (
				014BAA575A72FAD726AA74CE /* Pods-RealmTest02.debug.xcconfig */,
				B01B5EE6851DE76509CD19BF /* Pods-RealmTest02.release.xcconfig */,
			);
			path = Pods;
			sourceTree = "<group>";
		};
/* End PBXGroup section */

/* Begin PBXNativeTarget section */
		05832607229FAB5400961038 /* RealmTest02 */ = {
			isa = PBXNativeTarget;
			buildConfigurationList = 0583261A229FAB5400961038 /* Build configuration list for PBXNativeTarget "RealmTest02" */;
			buildPhases = (
				9E7B05D44E6F892206D89405 /* [CP] Check Pods Manifest.lock */,
				05832604229FAB5400961038 /* Sources */,
				05832605229FAB5400961038 /* Frameworks */,
				05832606229FAB5400961038 /* Resources */,
				A1E37F5EE6395C557D225453 /* [CP] Embed Pods Frameworks */,
			);
			buildRules = (
			);
			dependencies = (
			);
			name = RealmTest02;
			productName = RealmTest02;
			productReference = 05832608229FAB5400961038 /* RealmTest02.app */;
			productType = "com.apple.product-type.application";
		};
/* End PBXNativeTarget section */

/* Begin PBXProject section */
		05832600229FAB5400961038 /* Project object */ = {
			isa = PBXProject;
			attributes = {
				LastSwiftUpdateCheck = 1010;
				LastUpgradeCheck = 1010;
				ORGANIZATIONNAME = "김종현";
				TargetAttributes = {
					05832607229FAB5400961038 = {
						CreatedOnToolsVersion = 10.1;
					};
				};
			};
			buildConfigurationList = 05832603229FAB5400961038 /* Build configuration list for PBXProject "RealmTest02" */;
			compatibilityVersion = "Xcode 9.3";
			developmentRegion = en;
			hasScannedForEncodings = 0;
			knownRegions = (
				en,
				Base,
			);
			mainGroup = 058325FF229FAB5400961038;
			productRefGroup = 05832609229FAB5400961038 /* Products */;
			projectDirPath = "";
			projectRoot = "";
			targets = (
				05832607229FAB5400961038 /* RealmTest02 */,
			);
		};
/* End PBXProject section */

/* Begin PBXResourcesBuildPhase section */
		05832606229FAB5400961038 /* Resources */ = {
			isa = PBXResourcesBuildPhase;
			buildActionMask = 2147483647;
			files = (
				05832616229FAB5400961038 /* LaunchScreen.storyboard in Resources */,
				05832613229FAB5400961038 /* Assets.xcassets in Resources */,
				05832611229FAB5400961038 /* Main.storyboard in Resources */,
			);
			runOnlyForDeploymentPostprocessing = 0;
		};
/* End PBXResourcesBuildPhase section */

/* Begin PBXShellScriptBuildPhase section */
		9E7B05D44E6F892206D89405 /* [CP] Check Pods Manifest.lock */ = {
			isa = PBXShellScriptBuildPhase;
			buildActionMask = 2147483647;
			files = (
			);
			inputFileListPaths = (
			);
			inputPaths = (
				"${PODS_PODFILE_DIR_PATH}/Podfile.lock",
				"${PODS_ROOT}/Manifest.lock",
			);
			name = "[CP] Check Pods Manifest.lock";
			outputFileListPaths = (
			);
			outputPaths = (
				"$(DERIVED_FILE_DIR)/Pods-RealmTest02-checkManifestLockResult.txt",
			);
			runOnlyForDeploymentPostprocessing = 0;
			shellPath = /bin/sh;
			shellScript = "diff \"${PODS_PODFILE_DIR_PATH}/Podfile.lock\" \"${PODS_ROOT}/Manifest.lock\" > /dev/null\nif [ $? != 0 ] ; then\n    # print error to STDERR\n    echo \"error: The sandbox is not in sync with the Podfile.lock. Run 'pod install' or update your CocoaPods installation.\" >&2\n    exit 1\nfi\n# This output is used by Xcode 'outputs' to avoid re-running this script phase.\necho \"SUCCESS\" > \"${SCRIPT_OUTPUT_FILE_0}\"\n";
			showEnvVarsInLog = 0;
		};
		A1E37F5EE6395C557D225453 /* [CP] Embed Pods Frameworks */ = {
			isa = PBXShellScriptBuildPhase;
			buildActionMask = 2147483647;
			files = (
			);
			inputFileListPaths = (
				"${PODS_ROOT}/Target Support Files/Pods-RealmTest02/Pods-RealmTest02-frameworks-${CONFIGURATION}-input-files.xcfilelist",
			);
			name = "[CP] Embed Pods Frameworks";
			outputFileListPaths = (
				"${PODS_ROOT}/Target Support Files/Pods-RealmTest02/Pods-RealmTest02-frameworks-${CONFIGURATION}-output-files.xcfilelist",
			);
			runOnlyForDeploymentPostprocessing = 0;
			shellPath = /bin/sh;
			shellScript = "\"${PODS_ROOT}/Target Support Files/Pods-RealmTest02/Pods-RealmTest02-frameworks.sh\"\n";
			showEnvVarsInLog = 0;
		};
/* End PBXShellScriptBuildPhase section */

/* Begin PBXSourcesBuildPhase section */
		05832604229FAB5400961038 /* Sources */ = {
			isa = PBXSourcesBuildPhase;
			buildActionMask = 2147483647;
			files = (
				05544E8722AD2C6B003179E5 /* DetailViewController.swift in Sources */,
				0583260E229FAB5400961038 /* ViewController.swift in Sources */,
				0583260C229FAB5400961038 /* AppDelegate.swift in Sources */,
			);
			runOnlyForDeploymentPostprocessing = 0;
		};
/* End PBXSourcesBuildPhase section */

/* Begin PBXVariantGroup section */
		0583260F229FAB5400961038 /* Main.storyboard */ = {
			isa = PBXVariantGroup;
			children = (
				05832610229FAB5400961038 /* Base */,
			);
			name = Main.storyboard;
			sourceTree = "<group>";
		};
		05832614229FAB5400961038 /* LaunchScreen.storyboard */ = {
			isa = PBXVariantGroup;
			children = (
				05832615229FAB5400961038 /* Base */,
			);
			name = LaunchScreen.storyboard;
			sourceTree = "<group>";
		};
/* End PBXVariantGroup section */

/* Begin XCBuildConfiguration section */
		05832618229FAB5400961038 /* Debug */ = {
			isa = XCBuildConfiguration;
			buildSettings = {
				ALWAYS_SEARCH_USER_PATHS = NO;
				CLANG_ANALYZER_NONNULL = YES;
				CLANG_ANALYZER_NUMBER_OBJECT_CONVERSION = YES_AGGRESSIVE;
				CLANG_CXX_LANGUAGE_STANDARD = "gnu++14";
				CLANG_CXX_LIBRARY = "libc++";
				CLANG_ENABLE_MODULES = YES;
				CLANG_ENABLE_OBJC_ARC = YES;
				CLANG_ENABLE_OBJC_WEAK = YES;
				CLANG_WARN_BLOCK_CAPTURE_AUTORELEASING = YES;
				CLANG_WARN_BOOL_CONVERSION = YES;
				CLANG_WARN_COMMA = YES;
				CLANG_WARN_CONSTANT_CONVERSION = YES;
				CLANG_WARN_DEPRECATED_OBJC_IMPLEMENTATIONS = YES;
				CLANG_WARN_DIRECT_OBJC_ISA_USAGE = YES_ERROR;
				CLANG_WARN_DOCUMENTATION_COMMENTS = YES;
				CLANG_WARN_EMPTY_BODY = YES;
				CLANG_WARN_ENUM_CONVERSION = YES;
				CLANG_WARN_INFINITE_RECURSION = YES;
				CLANG_WARN_INT_CONVERSION = YES;
				CLANG_WARN_NON_LITERAL_NULL_CONVERSION = YES;
				CLANG_WARN_OBJC_IMPLICIT_RETAIN_SELF = YES;
				CLANG_WARN_OBJC_LITERAL_CONVERSION = YES;
				CLANG_WARN_OBJC_ROOT_CLASS = YES_ERROR;
				CLANG_WARN_RANGE_LOOP_ANALYSIS = YES;
				CLANG_WARN_STRICT_PROTOTYPES = YES;
				CLANG_WARN_SUSPICIOUS_MOVE = YES;
				CLANG_WARN_UNGUARDED_AVAILABILITY = YES_AGGRESSIVE;
				CLANG_WARN_UNREACHABLE_CODE = YES;
				CLANG_WARN__DUPLICATE_METHOD_MATCH = YES;
				CODE_SIGN_IDENTITY = "iPhone Developer";
				COPY_PHASE_STRIP = NO;
				DEBUG_INFORMATION_FORMAT = dwarf;
				ENABLE_STRICT_OBJC_MSGSEND = YES;
				ENABLE_TESTABILITY = YES;
				GCC_C_LANGUAGE_STANDARD = gnu11;
				GCC_DYNAMIC_NO_PIC = NO;
				GCC_NO_COMMON_BLOCKS = YES;
				GCC_OPTIMIZATION_LEVEL = 0;
				GCC_PREPROCESSOR_DEFINITIONS = (
					"DEBUG=1",
					"$(inherited)",
				);
				GCC_WARN_64_TO_32_BIT_CONVERSION = YES;
				GCC_WARN_ABOUT_RETURN_TYPE = YES_ERROR;
				GCC_WARN_UNDECLARED_SELECTOR = YES;
				GCC_WARN_UNINITIALIZED_AUTOS = YES_AGGRESSIVE;
				GCC_WARN_UNUSED_FUNCTION = YES;
				GCC_WARN_UNUSED_VARIABLE = YES;
				IPHONEOS_DEPLOYMENT_TARGET = 12.1;
				MTL_ENABLE_DEBUG_INFO = INCLUDE_SOURCE;
				MTL_FAST_MATH = YES;
				ONLY_ACTIVE_ARCH = YES;
				SDKROOT = iphoneos;
				SWIFT_ACTIVE_COMPILATION_CONDITIONS = DEBUG;
				SWIFT_OPTIMIZATION_LEVEL = "-Onone";
			};
			name = Debug;
		};
		05832619229FAB5400961038 /* Release */ = {
			isa = XCBuildConfiguration;
			buildSettings = {
				ALWAYS_SEARCH_USER_PATHS = NO;
				CLANG_ANALYZER_NONNULL = YES;
				CLANG_ANALYZER_NUMBER_OBJECT_CONVERSION = YES_AGGRESSIVE;
				CLANG_CXX_LANGUAGE_STANDARD = "gnu++14";
				CLANG_CXX_LIBRARY = "libc++";
				CLANG_ENABLE_MODULES = YES;
				CLANG_ENABLE_OBJC_ARC = YES;
				CLANG_ENABLE_OBJC_WEAK = YES;
				CLANG_WARN_BLOCK_CAPTURE_AUTORELEASING = YES;
				CLANG_WARN_BOOL_CONVERSION = YES;
				CLANG_WARN_COMMA = YES;
				CLANG_WARN_CONSTANT_CONVERSION = YES;
				CLANG_WARN_DEPRECATED_OBJC_IMPLEMENTATIONS = YES;
				CLANG_WARN_DIRECT_OBJC_ISA_USAGE = YES_ERROR;
				CLANG_WARN_DOCUMENTATION_COMMENTS = YES;
				CLANG_WARN_EMPTY_BODY = YES;
				CLANG_WARN_ENUM_CONVERSION = YES;
				CLANG_WARN_INFINITE_RECURSION = YES;
				CLANG_WARN_INT_CONVERSION = YES;
				CLANG_WARN_NON_LITERAL_NULL_CONVERSION = YES;
				CLANG_WARN_OBJC_IMPLICIT_RETAIN_SELF = YES;
				CLANG_WARN_OBJC_LITERAL_CONVERSION = YES;
				CLANG_WARN_OBJC_ROOT_CLASS = YES_ERROR;
				CLANG_WARN_RANGE_LOOP_ANALYSIS = YES;
				CLANG_WARN_STRICT_PROTOTYPES = YES;
				CLANG_WARN_SUSPICIOUS_MOVE = YES;
				CLANG_WARN_UNGUARDED_AVAILABILITY = YES_AGGRESSIVE;
				CLANG_WARN_UNREACHABLE_CODE = YES;
				CLANG_WARN__DUPLICATE_METHOD_MATCH = YES;
				CODE_SIGN_IDENTITY = "iPhone Developer";
				COPY_PHASE_STRIP = NO;
				DEBUG_INFORMATION_FORMAT = "dwarf-with-dsym";
				ENABLE_NS_ASSERTIONS = NO;
				ENABLE_STRICT_OBJC_MSGSEND = YES;
				GCC_C_LANGUAGE_STANDARD = gnu11;
				GCC_NO_COMMON_BLOCKS = YES;
				GCC_WARN_64_TO_32_BIT_CONVERSION = YES;
				GCC_WARN_ABOUT_RETURN_TYPE = YES_ERROR;
				GCC_WARN_UNDECLARED_SELECTOR = YES;
				GCC_WARN_UNINITIALIZED_AUTOS = YES_AGGRESSIVE;
				GCC_WARN_UNUSED_FUNCTION = YES;
				GCC_WARN_UNUSED_VARIABLE = YES;
				IPHONEOS_DEPLOYMENT_TARGET = 12.1;
				MTL_ENABLE_DEBUG_INFO = NO;
				MTL_FAST_MATH = YES;
				SDKROOT = iphoneos;
				SWIFT_COMPILATION_MODE = wholemodule;
				SWIFT_OPTIMIZATION_LEVEL = "-O";
				VALIDATE_PRODUCT = YES;
			};
			name = Release;
		};
		0583261B229FAB5400961038 /* Debug */ = {
			isa = XCBuildConfiguration;
			baseConfigurationReference = 014BAA575A72FAD726AA74CE /* Pods-RealmTest02.debug.xcconfig */;
			buildSettings = {
				ASSETCATALOG_COMPILER_APPICON_NAME = AppIcon;
				CODE_SIGN_STYLE = Automatic;
				DEVELOPMENT_TEAM = UQ37D35Z4Z;
				INFOPLIST_FILE = RealmTest02/Info.plist;
				LD_RUNPATH_SEARCH_PATHS = (
					"$(inherited)",
					"@executable_path/Frameworks",
				);
				PRODUCT_BUNDLE_IDENTIFIER = kr.ac.dit.RealmTest02;
				PRODUCT_NAME = "$(TARGET_NAME)";
				SWIFT_VERSION = 4.2;
				TARGETED_DEVICE_FAMILY = "1,2";
			};
			name = Debug;
		};
		0583261C229FAB5400961038 /* Release */ = {
			isa = XCBuildConfiguration;
			baseConfigurationReference = B01B5EE6851DE76509CD19BF /* Pods-RealmTest02.release.xcconfig */;
			buildSettings = {
				ASSETCATALOG_COMPILER_APPICON_NAME = AppIcon;
				CODE_SIGN_STYLE = Automatic;
				DEVELOPMENT_TEAM = UQ37D35Z4Z;
				INFOPLIST_FILE = RealmTest02/Info.plist;
				LD_RUNPATH_SEARCH_PATHS = (
					"$(inherited)",
					"@executable_path/Frameworks",
				);
				PRODUCT_BUNDLE_IDENTIFIER = kr.ac.dit.RealmTest02;
				PRODUCT_NAME = "$(TARGET_NAME)";
				SWIFT_VERSION = 4.2;
				TARGETED_DEVICE_FAMILY = "1,2";
			};
			name = Release;
		};
/* End XCBuildConfiguration section */

/* Begin XCConfigurationList section */
		05832603229FAB5400961038 /* Build configuration list for PBXProject "RealmTest02" */ = {
			isa = XCConfigurationList;
			buildConfigurations = (
				05832618229FAB5400961038 /* Debug */,
				05832619229FAB5400961038 /* Release */,
			);
			defaultConfigurationIsVisible = 0;
			defaultConfigurationName = Release;
		};
		0583261A229FAB5400961038 /* Build configuration list for PBXNativeTarget "RealmTest02" */ = {
			isa = XCConfigurationList;
			buildConfigurations = (
				0583261B229FAB5400961038 /* Debug */,
				0583261C229FAB5400961038 /* Release */,
			);
			defaultConfigurationIsVisible = 0;
			defaultConfigurationName = Release;
		};
/* End XCConfigurationList section */
	};
	rootObject = 05832600229FAB5400961038 /* Project object */;
}
